
Microsoft Visual Studio Solution File, Format Version 12.00
# Visual Studio Version 17
VisualStudioVersion = 17.2.32630.192
MinimumVisualStudioVersion = 10.0.40219.1
Project("{FAE04EC0-301F-11D3-BF4B-00C04F79EFBC}") = "MouseClickTool", "MouseClickTool.csproj", "{1D94AFCD-7857-466F-9459-05ABF703ECB7}"
EndProject
Global
	GlobalSection(SolutionConfigurationPlatforms) = preSolution
		Debug|Any CPU = Debug|Any CPU
		Release|Any CPU = Release|Any CPU
	EndGlobalSection
	GlobalSection(ProjectConfigurationPlatforms) = postSolution
		{1D94AFCD-7857-466F-9459-05ABF703ECB7}.Debug|Any CPU.ActiveCfg = Debug|Any CPU
		{1D94AFCD-7857-466F-9459-05ABF703ECB7}.Debug|Any CPU.Build.0 = Debug|Any CPU
		{1D94AFCD-7857-466F-9459-05ABF703ECB7}.Release|Any CPU.ActiveCfg = Release|Any CPU
		{1D94AFCD-7857-466F-9459-05ABF703ECB7}.Release|Any CPU.Build.0 = Release|Any CPU
	EndGlobalSection
	GlobalSection(SolutionProperties) = preSolution
		HideSolutionNode = FALSE
	EndGlobalSection
	GlobalSection(ExtensibilityGlobals) = postSolution
		SolutionGuid = {C11A4F9A-4B01-453D-B850-F76E15A1D65F}
	EndGlobalSection
EndGlobal
